<?xml version="1.0" encoding="UTF-8"?>
<!DOCTYPE plist PUBLIC "-//Apple//DTD PLIST 1.0//EN" "http://www.apple.com/DTDs/PropertyList-1.0.dtd">
<plist version="1.0">
<dict>
	<key>archiveVersion</key>
	<string>1</string>
	<key>classes</key>
	<dict/>
	<key>objectVersion</key>
	<string>46</string>
	<key>objects</key>
	<dict>
		<key>03398865B2779027A3DC6BBC</key>
		<dict>
			<key>fileRef</key>
			<string>BBCA62B78FFD3FA2E3633B4F</string>
			<key>isa</key>
			<string>PBXBuildFile</string>
		</dict>
		<key>6BF3865FE46D65402BE70E24</key>
		<dict>
			<key>buildActionMask</key>
			<string>2147483647</string>
			<key>files</key>
			<array/>
			<key>inputPaths</key>
			<array/>
			<key>isa</key>
			<string>PBXShellScriptBuildPhase</string>
			<key>name</key>
			<string>Embed Pods Frameworks</string>
			<key>outputPaths</key>
			<array/>
			<key>runOnlyForDeploymentPostprocessing</key>
			<string>0</string>
			<key>shellPath</key>
			<string>/bin/sh</string>
			<key>shellScript</key>
			<string>"${SRCROOT}/Pods/Target Support Files/Pods-Login Template/Pods-Login Template-frameworks.sh"
</string>
			<key>showEnvVarsInLog</key>
			<string>0</string>
		</dict>
		<key>94132CB11C3FD2BFC709C5FA</key>
		<dict>
			<key>children</key>
			<array>
				<string>BBCA62B78FFD3FA2E3633B4F</string>
			</array>
			<key>isa</key>
			<string>PBXGroup</string>
			<key>name</key>
			<string>Frameworks</string>
			<key>sourceTree</key>
			<string>&lt;group&gt;</string>
		</dict>
		<key>97287E6CB535877DE98532D4</key>
		<dict>
			<key>buildActionMask</key>
			<string>2147483647</string>
			<key>files</key>
			<array/>
			<key>inputPaths</key>
			<array/>
			<key>isa</key>
			<string>PBXShellScriptBuildPhase</string>
			<key>name</key>
			<string>Check Pods Manifest.lock</string>
			<key>outputPaths</key>
			<array/>
			<key>runOnlyForDeploymentPostprocessing</key>
			<string>0</string>
			<key>shellPath</key>
			<string>/bin/sh</string>
			<key>shellScript</key>
			<string>diff "${PODS_ROOT}/../Podfile.lock" "${PODS_ROOT}/Manifest.lock" &gt; /dev/null
if [[ $? != 0 ]] ; then
    cat &lt;&lt; EOM
error: The sandbox is not in sync with the Podfile.lock. Run 'pod install' or update your CocoaPods installation.
EOM
    exit 1
fi
</string>
			<key>showEnvVarsInLog</key>
			<string>0</string>
		</dict>
		<key>A1110361AE944CB75081AA71</key>
		<dict>
			<key>includeInIndex</key>
			<string>1</string>
			<key>isa</key>
			<string>PBXFileReference</string>
			<key>lastKnownFileType</key>
			<string>text.xcconfig</string>
			<key>name</key>
			<string>Pods-Login Template.debug.xcconfig</string>
			<key>path</key>
			<string>Pods/Target Support Files/Pods-Login Template/Pods-Login Template.debug.xcconfig</string>
			<key>sourceTree</key>
			<string>&lt;group&gt;</string>
		</dict>
		<key>A5E9E6731CC7FE8200BE6EAA</key>
		<dict>
			<key>children</key>
			<array>
				<string>A5E9E67E1CC7FE8200BE6EAA</string>
				<string>A5E9E6961CC7FE8200BE6EAA</string>
				<string>A5E9E6A11CC7FE8200BE6EAA</string>
				<string>A5E9E67D1CC7FE8200BE6EAA</string>
				<string>C2B96AE642DE13C37DEA9CDB</string>
				<string>94132CB11C3FD2BFC709C5FA</string>
			</array>
			<key>isa</key>
			<string>PBXGroup</string>
			<key>sourceTree</key>
			<string>&lt;group&gt;</string>
		</dict>
		<key>A5E9E6741CC7FE8200BE6EAA</key>
		<dict>
			<key>attributes</key>
			<dict>
				<key>LastSwiftUpdateCheck</key>
				<string>0730</string>
				<key>LastUpgradeCheck</key>
				<string>0730</string>
				<key>ORGANIZATIONNAME</key>
				<string>tben</string>
				<key>TargetAttributes</key>
				<dict>
					<key>A5E9E67B1CC7FE8200BE6EAA</key>
					<dict>
						<key>CreatedOnToolsVersion</key>
						<string>7.3</string>
					</dict>
					<key>A5E9E6921CC7FE8200BE6EAA</key>
					<dict>
						<key>CreatedOnToolsVersion</key>
						<string>7.3</string>
						<key>TestTargetID</key>
						<string>A5E9E67B1CC7FE8200BE6EAA</string>
					</dict>
					<key>A5E9E69D1CC7FE8200BE6EAA</key>
					<dict>
						<key>CreatedOnToolsVersion</key>
						<string>7.3</string>
						<key>TestTargetID</key>
						<string>A5E9E67B1CC7FE8200BE6EAA</string>
					</dict>
				</dict>
			</dict>
			<key>buildConfigurationList</key>
			<string>A5E9E6771CC7FE8200BE6EAA</string>
			<key>compatibilityVersion</key>
			<string>Xcode 3.2</string>
			<key>developmentRegion</key>
			<string>English</string>
			<key>hasScannedForEncodings</key>
			<string>0</string>
			<key>isa</key>
			<string>PBXProject</string>
			<key>knownRegions</key>
			<array>
				<string>en</string>
				<string>Base</string>
			</array>
			<key>mainGroup</key>
			<string>A5E9E6731CC7FE8200BE6EAA</string>
			<key>productRefGroup</key>
			<string>A5E9E67D1CC7FE8200BE6EAA</string>
			<key>projectDirPath</key>
			<string></string>
			<key>projectReferences</key>
			<array/>
			<key>projectRoot</key>
			<string></string>
			<key>targets</key>
			<array>
				<string>A5E9E67B1CC7FE8200BE6EAA</string>
				<string>A5E9E6921CC7FE8200BE6EAA</string>
				<string>A5E9E69D1CC7FE8200BE6EAA</string>
			</array>
		</dict>
		<key>A5E9E6771CC7FE8200BE6EAA</key>
		<dict>
			<key>buildConfigurations</key>
			<array>
				<string>A5E9E6A51CC7FE8200BE6EAA</string>
				<string>A5E9E6A61CC7FE8200BE6EAA</string>
			</array>
			<key>defaultConfigurationIsVisible</key>
			<string>0</string>
			<key>defaultConfigurationName</key>
			<string>Release</string>
			<key>isa</key>
			<string>XCConfigurationList</string>
		</dict>
		<key>A5E9E6781CC7FE8200BE6EAA</key>
		<dict>
			<key>buildActionMask</key>
			<string>2147483647</string>
			<key>files</key>
			<array>
				<string>A5E9E6C81CC9592E00BE6EAA</string>
				<string>A5E9E6881CC7FE8200BE6EAA</string>
				<string>A5E9E6CA1CC95FB600BE6EAA</string>
				<string>A5E9E6821CC7FE8200BE6EAA</string>
				<string>A5E9E6801CC7FE8200BE6EAA</string>
				<string>A5E9E6C51CC958E100BE6EAA</string>
				<string>A5E9E6D71CD2524700BE6EAA</string>
			</array>
			<key>isa</key>
			<string>PBXSourcesBuildPhase</string>
			<key>runOnlyForDeploymentPostprocessing</key>
			<string>0</string>
		</dict>
		<key>A5E9E6791CC7FE8200BE6EAA</key>
		<dict>
			<key>buildActionMask</key>
			<string>2147483647</string>
			<key>files</key>
			<array>
				<string>03398865B2779027A3DC6BBC</string>
			</array>
			<key>isa</key>
			<string>PBXFrameworksBuildPhase</string>
			<key>runOnlyForDeploymentPostprocessing</key>
			<string>0</string>
		</dict>
		<key>A5E9E67A1CC7FE8200BE6EAA</key>
		<dict>
			<key>buildActionMask</key>
			<string>2147483647</string>
			<key>files</key>
			<array>
				<string>A5E9E6B81CC80E5000BE6EAA</string>
				<string>A5E9E68D1CC7FE8200BE6EAA</string>
				<string>A5E9E6BB1CC80E5000BE6EAA</string>
				<string>A5E9E6BE1CC80E5000BE6EAA</string>
				<string>A5E9E68A1CC7FE8200BE6EAA</string>
				<string>A5E9E6851CC7FE8200BE6EAA</string>
				<string>A5E9E6C11CC80E5000BE6EAA</string>
			</array>
			<key>isa</key>
			<string>PBXResourcesBuildPhase</string>
			<key>runOnlyForDeploymentPostprocessing</key>
			<string>0</string>
		</dict>
		<key>A5E9E67B1CC7FE8200BE6EAA</key>
		<dict>
			<key>buildConfigurationList</key>
			<string>A5E9E6A71CC7FE8200BE6EAA</string>
			<key>buildPhases</key>
			<array>
				<string>97287E6CB535877DE98532D4</string>
				<string>A5E9E6781CC7FE8200BE6EAA</string>
				<string>A5E9E6791CC7FE8200BE6EAA</string>
				<string>A5E9E67A1CC7FE8200BE6EAA</string>
				<string>6BF3865FE46D65402BE70E24</string>
				<string>E747C3E7D7C04A19EEAE4F7F</string>
			</array>
			<key>buildRules</key>
			<array/>
			<key>dependencies</key>
			<array/>
			<key>isa</key>
			<string>PBXNativeTarget</string>
			<key>name</key>
			<string>Login Template</string>
			<key>productName</key>
			<string>Login Template</string>
			<key>productReference</key>
			<string>A5E9E67C1CC7FE8200BE6EAA</string>
			<key>productType</key>
			<string>com.apple.product-type.application</string>
		</dict>
		<key>A5E9E67C1CC7FE8200BE6EAA</key>
		<dict>
			<key>explicitFileType</key>
			<string>wrapper.application</string>
			<key>includeInIndex</key>
			<string>0</string>
			<key>isa</key>
			<string>PBXFileReference</string>
			<key>path</key>
			<string>Login Template.app</string>
			<key>sourceTree</key>
			<string>BUILT_PRODUCTS_DIR</string>
		</dict>
		<key>A5E9E67D1CC7FE8200BE6EAA</key>
		<dict>
			<key>children</key>
			<array>
				<string>A5E9E67C1CC7FE8200BE6EAA</string>
				<string>A5E9E6931CC7FE8200BE6EAA</string>
				<string>A5E9E69E1CC7FE8200BE6EAA</string>
			</array>
			<key>isa</key>
			<string>PBXGroup</string>
			<key>name</key>
			<string>Products</string>
			<key>sourceTree</key>
			<string>&lt;group&gt;</string>
		</dict>
		<key>A5E9E67E1CC7FE8200BE6EAA</key>
		<dict>
			<key>children</key>
			<array>
				<string>A5E9E6C61CC9591800BE6EAA</string>
				<string>A5E9E6B31CC80DEC00BE6EAA</string>
				<string>A5E9E6B21CC80DE100BE6EAA</string>
				<string>A5E9E6B11CC80DD600BE6EAA</string>
				<string>A5E9E6B01CC80DCE00BE6EAA</string>
				<string>A5E9E67F1CC7FE8200BE6EAA</string>
				<string>A5E9E6811CC7FE8200BE6EAA</string>
				<string>A5E9E6831CC7FE8200BE6EAA</string>
				<string>A5E9E6891CC7FE8200BE6EAA</string>
				<string>A5E9E68B1CC7FE8200BE6EAA</string>
				<string>A5E9E68E1CC7FE8200BE6EAA</string>
				<string>A5E9E6861CC7FE8200BE6EAA</string>
			</array>
			<key>isa</key>
			<string>PBXGroup</string>
			<key>path</key>
			<string>Login Template</string>
			<key>sourceTree</key>
			<string>&lt;group&gt;</string>
		</dict>
		<key>A5E9E67F1CC7FE8200BE6EAA</key>
		<dict>
			<key>isa</key>
			<string>PBXFileReference</string>
			<key>lastKnownFileType</key>
			<string>sourcecode.swift</string>
			<key>path</key>
			<string>AppDelegate.swift</string>
			<key>sourceTree</key>
			<string>&lt;group&gt;</string>
		</dict>
		<key>A5E9E6801CC7FE8200BE6EAA</key>
		<dict>
			<key>fileRef</key>
			<string>A5E9E67F1CC7FE8200BE6EAA</string>
			<key>isa</key>
			<string>PBXBuildFile</string>
		</dict>
		<key>A5E9E6811CC7FE8200BE6EAA</key>
		<dict>
			<key>isa</key>
			<string>PBXFileReference</string>
			<key>lastKnownFileType</key>
			<string>sourcecode.swift</string>
			<key>path</key>
			<string>ViewController.swift</string>
			<key>sourceTree</key>
			<string>&lt;group&gt;</string>
		</dict>
		<key>A5E9E6821CC7FE8200BE6EAA</key>
		<dict>
			<key>fileRef</key>
			<string>A5E9E6811CC7FE8200BE6EAA</string>
			<key>isa</key>
			<string>PBXBuildFile</string>
		</dict>
		<key>A5E9E6831CC7FE8200BE6EAA</key>
		<dict>
			<key>children</key>
			<array>
				<string>A5E9E6841CC7FE8200BE6EAA</string>
			</array>
			<key>isa</key>
			<string>PBXVariantGroup</string>
			<key>name</key>
			<string>Main.storyboard</string>
			<key>sourceTree</key>
			<string>&lt;group&gt;</string>
		</dict>
		<key>A5E9E6841CC7FE8200BE6EAA</key>
		<dict>
			<key>isa</key>
			<string>PBXFileReference</string>
			<key>lastKnownFileType</key>
			<string>file.storyboard</string>
			<key>name</key>
			<string>Base</string>
			<key>path</key>
			<string>Base.lproj/Main.storyboard</string>
			<key>sourceTree</key>
			<string>&lt;group&gt;</string>
		</dict>
		<key>A5E9E6851CC7FE8200BE6EAA</key>
		<dict>
			<key>fileRef</key>
			<string>A5E9E6831CC7FE8200BE6EAA</string>
			<key>isa</key>
			<string>PBXBuildFile</string>
		</dict>
		<key>A5E9E6861CC7FE8200BE6EAA</key>
		<dict>
			<key>children</key>
			<array>
				<string>A5E9E6871CC7FE8200BE6EAA</string>
			</array>
			<key>currentVersion</key>
			<string>A5E9E6871CC7FE8200BE6EAA</string>
			<key>isa</key>
			<string>XCVersionGroup</string>
			<key>path</key>
			<string>Login_Template.xcdatamodeld</string>
			<key>sourceTree</key>
			<string>&lt;group&gt;</string>
			<key>versionGroupType</key>
			<string>wrapper.xcdatamodel</string>
		</dict>
		<key>A5E9E6871CC7FE8200BE6EAA</key>
		<dict>
			<key>isa</key>
			<string>PBXFileReference</string>
			<key>lastKnownFileType</key>
			<string>wrapper.xcdatamodel</string>
			<key>path</key>
			<string>Login_Template.xcdatamodel</string>
			<key>sourceTree</key>
			<string>&lt;group&gt;</string>
		</dict>
		<key>A5E9E6881CC7FE8200BE6EAA</key>
		<dict>
			<key>fileRef</key>
			<string>A5E9E6861CC7FE8200BE6EAA</string>
			<key>isa</key>
			<string>PBXBuildFile</string>
		</dict>
		<key>A5E9E6891CC7FE8200BE6EAA</key>
		<dict>
			<key>isa</key>
			<string>PBXFileReference</string>
			<key>lastKnownFileType</key>
			<string>folder.assetcatalog</string>
			<key>path</key>
			<string>Assets.xcassets</string>
			<key>sourceTree</key>
			<string>&lt;group&gt;</string>
		</dict>
		<key>A5E9E68A1CC7FE8200BE6EAA</key>
		<dict>
			<key>fileRef</key>
			<string>A5E9E6891CC7FE8200BE6EAA</string>
			<key>isa</key>
			<string>PBXBuildFile</string>
		</dict>
		<key>A5E9E68B1CC7FE8200BE6EAA</key>
		<dict>
			<key>children</key>
			<array>
				<string>A5E9E68C1CC7FE8200BE6EAA</string>
			</array>
			<key>isa</key>
			<string>PBXVariantGroup</string>
			<key>name</key>
			<string>LaunchScreen.storyboard</string>
			<key>sourceTree</key>
			<string>&lt;group&gt;</string>
		</dict>
		<key>A5E9E68C1CC7FE8200BE6EAA</key>
		<dict>
			<key>isa</key>
			<string>PBXFileReference</string>
			<key>lastKnownFileType</key>
			<string>file.storyboard</string>
			<key>name</key>
			<string>Base</string>
			<key>path</key>
			<string>Base.lproj/LaunchScreen.storyboard</string>
			<key>sourceTree</key>
			<string>&lt;group&gt;</string>
		</dict>
		<key>A5E9E68D1CC7FE8200BE6EAA</key>
		<dict>
			<key>fileRef</key>
			<string>A5E9E68B1CC7FE8200BE6EAA</string>
			<key>isa</key>
			<string>PBXBuildFile</string>
		</dict>
		<key>A5E9E68E1CC7FE8200BE6EAA</key>
		<dict>
			<key>isa</key>
			<string>PBXFileReference</string>
			<key>lastKnownFileType</key>
			<string>text.plist.xml</string>
			<key>path</key>
			<string>Info.plist</string>
			<key>sourceTree</key>
			<string>&lt;group&gt;</string>
		</dict>
		<key>A5E9E68F1CC7FE8200BE6EAA</key>
		<dict>
			<key>buildActionMask</key>
			<string>2147483647</string>
			<key>files</key>
			<array>
				<string>A5E9E6981CC7FE8200BE6EAA</string>
			</array>
			<key>isa</key>
			<string>PBXSourcesBuildPhase</string>
			<key>runOnlyForDeploymentPostprocessing</key>
			<string>0</string>
		</dict>
		<key>A5E9E6901CC7FE8200BE6EAA</key>
		<dict>
			<key>buildActionMask</key>
			<string>2147483647</string>
			<key>files</key>
			<array/>
			<key>isa</key>
			<string>PBXFrameworksBuildPhase</string>
			<key>runOnlyForDeploymentPostprocessing</key>
			<string>0</string>
		</dict>
		<key>A5E9E6911CC7FE8200BE6EAA</key>
		<dict>
			<key>buildActionMask</key>
			<string>2147483647</string>
			<key>files</key>
			<array>
				<string>A5E9E6C21CC80E5000BE6EAA</string>
				<string>A5E9E6BF1CC80E5000BE6EAA</string>
				<string>A5E9E6BC1CC80E5000BE6EAA</string>
				<string>A5E9E6B91CC80E5000BE6EAA</string>
			</array>
			<key>isa</key>
			<string>PBXResourcesBuildPhase</string>
			<key>runOnlyForDeploymentPostprocessing</key>
			<string>0</string>
		</dict>
		<key>A5E9E6921CC7FE8200BE6EAA</key>
		<dict>
			<key>buildConfigurationList</key>
			<string>A5E9E6AA1CC7FE8200BE6EAA</string>
			<key>buildPhases</key>
			<array>
				<string>A5E9E68F1CC7FE8200BE6EAA</string>
				<string>A5E9E6901CC7FE8200BE6EAA</string>
				<string>A5E9E6911CC7FE8200BE6EAA</string>
			</array>
			<key>buildRules</key>
			<array/>
			<key>dependencies</key>
			<array>
				<string>A5E9E6951CC7FE8200BE6EAA</string>
			</array>
			<key>isa</key>
			<string>PBXNativeTarget</string>
			<key>name</key>
			<string>Login TemplateTests</string>
			<key>productName</key>
			<string>Login TemplateTests</string>
			<key>productReference</key>
			<string>A5E9E6931CC7FE8200BE6EAA</string>
			<key>productType</key>
			<string>com.apple.product-type.bundle.unit-test</string>
		</dict>
		<key>A5E9E6931CC7FE8200BE6EAA</key>
		<dict>
			<key>explicitFileType</key>
			<string>wrapper.cfbundle</string>
			<key>includeInIndex</key>
			<string>0</string>
			<key>isa</key>
			<string>PBXFileReference</string>
			<key>path</key>
			<string>Login TemplateTests.xctest</string>
			<key>sourceTree</key>
			<string>BUILT_PRODUCTS_DIR</string>
		</dict>
		<key>A5E9E6941CC7FE8200BE6EAA</key>
		<dict>
			<key>containerPortal</key>
			<string>A5E9E6741CC7FE8200BE6EAA</string>
			<key>isa</key>
			<string>PBXContainerItemProxy</string>
			<key>proxyType</key>
			<string>1</string>
			<key>remoteGlobalIDString</key>
			<string>A5E9E67B1CC7FE8200BE6EAA</string>
			<key>remoteInfo</key>
			<string>Login Template</string>
		</dict>
		<key>A5E9E6951CC7FE8200BE6EAA</key>
		<dict>
			<key>isa</key>
			<string>PBXTargetDependency</string>
			<key>target</key>
			<string>A5E9E67B1CC7FE8200BE6EAA</string>
			<key>targetProxy</key>
			<string>A5E9E6941CC7FE8200BE6EAA</string>
		</dict>
		<key>A5E9E6961CC7FE8200BE6EAA</key>
		<dict>
			<key>children</key>
			<array>
				<string>A5E9E6971CC7FE8200BE6EAA</string>
				<string>A5E9E6991CC7FE8200BE6EAA</string>
			</array>
			<key>isa</key>
			<string>PBXGroup</string>
			<key>path</key>
			<string>Login TemplateTests</string>
			<key>sourceTree</key>
			<string>&lt;group&gt;</string>
		</dict>
		<key>A5E9E6971CC7FE8200BE6EAA</key>
		<dict>
			<key>isa</key>
			<string>PBXFileReference</string>
			<key>lastKnownFileType</key>
			<string>sourcecode.swift</string>
			<key>path</key>
			<string>Login_TemplateTests.swift</string>
			<key>sourceTree</key>
			<string>&lt;group&gt;</string>
		</dict>
		<key>A5E9E6981CC7FE8200BE6EAA</key>
		<dict>
			<key>fileRef</key>
			<string>A5E9E6971CC7FE8200BE6EAA</string>
			<key>isa</key>
			<string>PBXBuildFile</string>
		</dict>
		<key>A5E9E6991CC7FE8200BE6EAA</key>
		<dict>
			<key>isa</key>
			<string>PBXFileReference</string>
			<key>lastKnownFileType</key>
			<string>text.plist.xml</string>
			<key>path</key>
			<string>Info.plist</string>
			<key>sourceTree</key>
			<string>&lt;group&gt;</string>
		</dict>
		<key>A5E9E69A1CC7FE8200BE6EAA</key>
		<dict>
			<key>buildActionMask</key>
			<string>2147483647</string>
			<key>files</key>
			<array>
				<string>A5E9E6A31CC7FE8200BE6EAA</string>
			</array>
			<key>isa</key>
			<string>PBXSourcesBuildPhase</string>
			<key>runOnlyForDeploymentPostprocessing</key>
			<string>0</string>
		</dict>
		<key>A5E9E69B1CC7FE8200BE6EAA</key>
		<dict>
			<key>buildActionMask</key>
			<string>2147483647</string>
			<key>files</key>
			<array/>
			<key>isa</key>
			<string>PBXFrameworksBuildPhase</string>
			<key>runOnlyForDeploymentPostprocessing</key>
			<string>0</string>
		</dict>
		<key>A5E9E69C1CC7FE8200BE6EAA</key>
		<dict>
			<key>buildActionMask</key>
			<string>2147483647</string>
			<key>files</key>
			<array>
				<string>A5E9E6C31CC80E5000BE6EAA</string>
				<string>A5E9E6C01CC80E5000BE6EAA</string>
				<string>A5E9E6BD1CC80E5000BE6EAA</string>
				<string>A5E9E6BA1CC80E5000BE6EAA</string>
			</array>
			<key>isa</key>
			<string>PBXResourcesBuildPhase</string>
			<key>runOnlyForDeploymentPostprocessing</key>
			<string>0</string>
		</dict>
		<key>A5E9E69D1CC7FE8200BE6EAA</key>
		<dict>
			<key>buildConfigurationList</key>
			<string>A5E9E6AD1CC7FE8200BE6EAA</string>
			<key>buildPhases</key>
			<array>
				<string>A5E9E69A1CC7FE8200BE6EAA</string>
				<string>A5E9E69B1CC7FE8200BE6EAA</string>
				<string>A5E9E69C1CC7FE8200BE6EAA</string>
			</array>
			<key>buildRules</key>
			<array/>
			<key>dependencies</key>
			<array>
				<string>A5E9E6A01CC7FE8200BE6EAA</string>
			</array>
			<key>isa</key>
			<string>PBXNativeTarget</string>
			<key>name</key>
			<string>Login TemplateUITests</string>
			<key>productName</key>
			<string>Login TemplateUITests</string>
			<key>productReference</key>
			<string>A5E9E69E1CC7FE8200BE6EAA</string>
			<key>productType</key>
			<string>com.apple.product-type.bundle.ui-testing</string>
		</dict>
		<key>A5E9E69E1CC7FE8200BE6EAA</key>
		<dict>
			<key>explicitFileType</key>
			<string>wrapper.cfbundle</string>
			<key>includeInIndex</key>
			<string>0</string>
			<key>isa</key>
			<string>PBXFileReference</string>
			<key>path</key>
			<string>Login TemplateUITests.xctest</string>
			<key>sourceTree</key>
			<string>BUILT_PRODUCTS_DIR</string>
		</dict>
		<key>A5E9E69F1CC7FE8200BE6EAA</key>
		<dict>
			<key>containerPortal</key>
			<string>A5E9E6741CC7FE8200BE6EAA</string>
			<key>isa</key>
			<string>PBXContainerItemProxy</string>
			<key>proxyType</key>
			<string>1</string>
			<key>remoteGlobalIDString</key>
			<string>A5E9E67B1CC7FE8200BE6EAA</string>
			<key>remoteInfo</key>
			<string>Login Template</string>
		</dict>
		<key>A5E9E6A01CC7FE8200BE6EAA</key>
		<dict>
			<key>isa</key>
			<string>PBXTargetDependency</string>
			<key>target</key>
			<string>A5E9E67B1CC7FE8200BE6EAA</string>
			<key>targetProxy</key>
			<string>A5E9E69F1CC7FE8200BE6EAA</string>
		</dict>
		<key>A5E9E6A11CC7FE8200BE6EAA</key>
		<dict>
			<key>children</key>
			<array>
				<string>A5E9E6A21CC7FE8200BE6EAA</string>
				<string>A5E9E6A41CC7FE8200BE6EAA</string>
			</array>
			<key>isa</key>
			<string>PBXGroup</string>
			<key>path</key>
			<string>Login TemplateUITests</string>
			<key>sourceTree</key>
			<string>&lt;group&gt;</string>
		</dict>
		<key>A5E9E6A21CC7FE8200BE6EAA</key>
		<dict>
			<key>isa</key>
			<string>PBXFileReference</string>
			<key>lastKnownFileType</key>
			<string>sourcecode.swift</string>
			<key>path</key>
			<string>Login_TemplateUITests.swift</string>
			<key>sourceTree</key>
			<string>&lt;group&gt;</string>
		</dict>
		<key>A5E9E6A31CC7FE8200BE6EAA</key>
		<dict>
			<key>fileRef</key>
			<string>A5E9E6A21CC7FE8200BE6EAA</string>
			<key>isa</key>
			<string>PBXBuildFile</string>
		</dict>
		<key>A5E9E6A41CC7FE8200BE6EAA</key>
		<dict>
			<key>isa</key>
			<string>PBXFileReference</string>
			<key>lastKnownFileType</key>
			<string>text.plist.xml</string>
			<key>path</key>
			<string>Info.plist</string>
			<key>sourceTree</key>
			<string>&lt;group&gt;</string>
		</dict>
		<key>A5E9E6A51CC7FE8200BE6EAA</key>
		<dict>
			<key>buildSettings</key>
			<dict>
				<key>ALWAYS_SEARCH_USER_PATHS</key>
				<string>NO</string>
				<key>CLANG_ANALYZER_NONNULL</key>
				<string>YES</string>
				<key>CLANG_CXX_LANGUAGE_STANDARD</key>
				<string>gnu++0x</string>
				<key>CLANG_CXX_LIBRARY</key>
				<string>libc++</string>
				<key>CLANG_ENABLE_MODULES</key>
				<string>YES</string>
				<key>CLANG_ENABLE_OBJC_ARC</key>
				<string>YES</string>
				<key>CLANG_WARN_BOOL_CONVERSION</key>
				<string>YES</string>
				<key>CLANG_WARN_CONSTANT_CONVERSION</key>
				<string>YES</string>
				<key>CLANG_WARN_DIRECT_OBJC_ISA_USAGE</key>
				<string>YES_ERROR</string>
				<key>CLANG_WARN_EMPTY_BODY</key>
				<string>YES</string>
				<key>CLANG_WARN_ENUM_CONVERSION</key>
				<string>YES</string>
				<key>CLANG_WARN_INT_CONVERSION</key>
				<string>YES</string>
				<key>CLANG_WARN_OBJC_ROOT_CLASS</key>
				<string>YES_ERROR</string>
				<key>CLANG_WARN_UNREACHABLE_CODE</key>
				<string>YES</string>
				<key>CLANG_WARN__DUPLICATE_METHOD_MATCH</key>
				<string>YES</string>
				<key>CODE_SIGN_IDENTITY[sdk=iphoneos*]</key>
				<string>iPhone Developer</string>
				<key>COPY_PHASE_STRIP</key>
				<string>NO</string>
				<key>DEBUG_INFORMATION_FORMAT</key>
				<string>dwarf</string>
				<key>ENABLE_STRICT_OBJC_MSGSEND</key>
				<string>YES</string>
				<key>ENABLE_TESTABILITY</key>
				<string>YES</string>
				<key>GCC_C_LANGUAGE_STANDARD</key>
				<string>gnu99</string>
				<key>GCC_DYNAMIC_NO_PIC</key>
				<string>NO</string>
				<key>GCC_NO_COMMON_BLOCKS</key>
				<string>YES</string>
				<key>GCC_OPTIMIZATION_LEVEL</key>
				<string>0</string>
				<key>GCC_PREPROCESSOR_DEFINITIONS</key>
				<array>
					<string>DEBUG=1</string>
					<string>$(inherited)</string>
				</array>
				<key>GCC_WARN_64_TO_32_BIT_CONVERSION</key>
				<string>YES</string>
				<key>GCC_WARN_ABOUT_RETURN_TYPE</key>
				<string>YES_ERROR</string>
				<key>GCC_WARN_UNDECLARED_SELECTOR</key>
				<string>YES</string>
				<key>GCC_WARN_UNINITIALIZED_AUTOS</key>
				<string>YES_AGGRESSIVE</string>
				<key>GCC_WARN_UNUSED_FUNCTION</key>
				<string>YES</string>
				<key>GCC_WARN_UNUSED_VARIABLE</key>
				<string>YES</string>
				<key>IPHONEOS_DEPLOYMENT_TARGET</key>
				<string>9.3</string>
				<key>MTL_ENABLE_DEBUG_INFO</key>
				<string>YES</string>
				<key>ONLY_ACTIVE_ARCH</key>
				<string>YES</string>
				<key>SDKROOT</key>
				<string>iphoneos</string>
				<key>SWIFT_OPTIMIZATION_LEVEL</key>
				<string>-Onone</string>
			</dict>
			<key>isa</key>
			<string>XCBuildConfiguration</string>
			<key>name</key>
			<string>Debug</string>
		</dict>
		<key>A5E9E6A61CC7FE8200BE6EAA</key>
		<dict>
			<key>buildSettings</key>
			<dict>
				<key>ALWAYS_SEARCH_USER_PATHS</key>
				<string>NO</string>
				<key>CLANG_ANALYZER_NONNULL</key>
				<string>YES</string>
				<key>CLANG_CXX_LANGUAGE_STANDARD</key>
				<string>gnu++0x</string>
				<key>CLANG_CXX_LIBRARY</key>
				<string>libc++</string>
				<key>CLANG_ENABLE_MODULES</key>
				<string>YES</string>
				<key>CLANG_ENABLE_OBJC_ARC</key>
				<string>YES</string>
				<key>CLANG_WARN_BOOL_CONVERSION</key>
				<string>YES</string>
				<key>CLANG_WARN_CONSTANT_CONVERSION</key>
				<string>YES</string>
				<key>CLANG_WARN_DIRECT_OBJC_ISA_USAGE</key>
				<string>YES_ERROR</string>
				<key>CLANG_WARN_EMPTY_BODY</key>
				<string>YES</string>
				<key>CLANG_WARN_ENUM_CONVERSION</key>
				<string>YES</string>
				<key>CLANG_WARN_INT_CONVERSION</key>
				<string>YES</string>
				<key>CLANG_WARN_OBJC_ROOT_CLASS</key>
				<string>YES_ERROR</string>
				<key>CLANG_WARN_UNREACHABLE_CODE</key>
				<string>YES</string>
				<key>CLANG_WARN__DUPLICATE_METHOD_MATCH</key>
				<string>YES</string>
				<key>CODE_SIGN_IDENTITY[sdk=iphoneos*]</key>
				<string>iPhone Developer</string>
				<key>COPY_PHASE_STRIP</key>
				<string>NO</string>
				<key>DEBUG_INFORMATION_FORMAT</key>
				<string>dwarf-with-dsym</string>
				<key>ENABLE_NS_ASSERTIONS</key>
				<string>NO</string>
				<key>ENABLE_STRICT_OBJC_MSGSEND</key>
				<string>YES</string>
				<key>GCC_C_LANGUAGE_STANDARD</key>
				<string>gnu99</string>
				<key>GCC_NO_COMMON_BLOCKS</key>
				<string>YES</string>
				<key>GCC_WARN_64_TO_32_BIT_CONVERSION</key>
				<string>YES</string>
				<key>GCC_WARN_ABOUT_RETURN_TYPE</key>
				<string>YES_ERROR</string>
				<key>GCC_WARN_UNDECLARED_SELECTOR</key>
				<string>YES</string>
				<key>GCC_WARN_UNINITIALIZED_AUTOS</key>
				<string>YES_AGGRESSIVE</string>
				<key>GCC_WARN_UNUSED_FUNCTION</key>
				<string>YES</string>
				<key>GCC_WARN_UNUSED_VARIABLE</key>
				<string>YES</string>
				<key>IPHONEOS_DEPLOYMENT_TARGET</key>
				<string>9.3</string>
				<key>MTL_ENABLE_DEBUG_INFO</key>
				<string>NO</string>
				<key>SDKROOT</key>
				<string>iphoneos</string>
				<key>VALIDATE_PRODUCT</key>
				<string>YES</string>
			</dict>
			<key>isa</key>
			<string>XCBuildConfiguration</string>
			<key>name</key>
			<string>Release</string>
		</dict>
		<key>A5E9E6A71CC7FE8200BE6EAA</key>
		<dict>
			<key>buildConfigurations</key>
			<array>
				<string>A5E9E6A81CC7FE8200BE6EAA</string>
				<string>A5E9E6A91CC7FE8200BE6EAA</string>
			</array>
			<key>defaultConfigurationIsVisible</key>
			<string>0</string>
			<key>defaultConfigurationName</key>
			<string>Release</string>
			<key>isa</key>
			<string>XCConfigurationList</string>
		</dict>
		<key>A5E9E6A81CC7FE8200BE6EAA</key>
		<dict>
			<key>baseConfigurationReference</key>
			<string>A1110361AE944CB75081AA71</string>
			<key>buildSettings</key>
			<dict>
				<key>ASSETCATALOG_COMPILER_APPICON_NAME</key>
				<string>AppIcon</string>
				<key>INFOPLIST_FILE</key>
				<string>Login Template/Info.plist</string>
				<key>LD_RUNPATH_SEARCH_PATHS</key>
				<string>$(inherited) @executable_path/Frameworks</string>
				<key>PRODUCT_BUNDLE_IDENTIFIER</key>
				<string>net.tben.Login-Template</string>
				<key>PRODUCT_NAME</key>
				<string>$(TARGET_NAME)</string>
			</dict>
			<key>isa</key>
			<string>XCBuildConfiguration</string>
			<key>name</key>
			<string>Debug</string>
		</dict>
		<key>A5E9E6A91CC7FE8200BE6EAA</key>
		<dict>
			<key>baseConfigurationReference</key>
			<string>D3C563DD5A85FD3C07052731</string>
			<key>buildSettings</key>
			<dict>
				<key>ASSETCATALOG_COMPILER_APPICON_NAME</key>
				<string>AppIcon</string>
				<key>INFOPLIST_FILE</key>
				<string>Login Template/Info.plist</string>
				<key>LD_RUNPATH_SEARCH_PATHS</key>
				<string>$(inherited) @executable_path/Frameworks</string>
				<key>PRODUCT_BUNDLE_IDENTIFIER</key>
				<string>net.tben.Login-Template</string>
				<key>PRODUCT_NAME</key>
				<string>$(TARGET_NAME)</string>
			</dict>
			<key>isa</key>
			<string>XCBuildConfiguration</string>
			<key>name</key>
			<string>Release</string>
		</dict>
		<key>A5E9E6AA1CC7FE8200BE6EAA</key>
		<dict>
			<key>buildConfigurations</key>
			<array>
				<string>A5E9E6AB1CC7FE8200BE6EAA</string>
				<string>A5E9E6AC1CC7FE8200BE6EAA</string>
			</array>
			<key>defaultConfigurationIsVisible</key>
			<string>0</string>
			<key>defaultConfigurationName</key>
			<string>Release</string>
			<key>isa</key>
			<string>XCConfigurationList</string>
		</dict>
		<key>A5E9E6AB1CC7FE8200BE6EAA</key>
		<dict>
			<key>buildSettings</key>
			<dict>
				<key>BUNDLE_LOADER</key>
				<string>$(TEST_HOST)</string>
				<key>INFOPLIST_FILE</key>
				<string>Login TemplateTests/Info.plist</string>
				<key>LD_RUNPATH_SEARCH_PATHS</key>
				<string>$(inherited) @executable_path/Frameworks @loader_path/Frameworks</string>
				<key>PRODUCT_BUNDLE_IDENTIFIER</key>
				<string>net.tben.Login-TemplateTests</string>
				<key>PRODUCT_NAME</key>
				<string>$(TARGET_NAME)</string>
				<key>TEST_HOST</key>
				<string>$(BUILT_PRODUCTS_DIR)/Login Template.app/Login Template</string>
			</dict>
			<key>isa</key>
			<string>XCBuildConfiguration</string>
			<key>name</key>
			<string>Debug</string>
		</dict>
		<key>A5E9E6AC1CC7FE8200BE6EAA</key>
		<dict>
			<key>buildSettings</key>
			<dict>
				<key>BUNDLE_LOADER</key>
				<string>$(TEST_HOST)</string>
				<key>INFOPLIST_FILE</key>
				<string>Login TemplateTests/Info.plist</string>
				<key>LD_RUNPATH_SEARCH_PATHS</key>
				<string>$(inherited) @executable_path/Frameworks @loader_path/Frameworks</string>
				<key>PRODUCT_BUNDLE_IDENTIFIER</key>
				<string>net.tben.Login-TemplateTests</string>
				<key>PRODUCT_NAME</key>
				<string>$(TARGET_NAME)</string>
				<key>TEST_HOST</key>
				<string>$(BUILT_PRODUCTS_DIR)/Login Template.app/Login Template</string>
			</dict>
			<key>isa</key>
			<string>XCBuildConfiguration</string>
			<key>name</key>
			<string>Release</string>
		</dict>
		<key>A5E9E6AD1CC7FE8200BE6EAA</key>
		<dict>
			<key>buildConfigurations</key>
			<array>
				<string>A5E9E6AE1CC7FE8200BE6EAA</string>
				<string>A5E9E6AF1CC7FE8200BE6EAA</string>
			</array>
			<key>defaultConfigurationIsVisible</key>
			<string>0</string>
			<key>defaultConfigurationName</key>
			<string>Release</string>
			<key>isa</key>
			<string>XCConfigurationList</string>
		</dict>
		<key>A5E9E6AE1CC7FE8200BE6EAA</key>
		<dict>
			<key>buildSettings</key>
			<dict>
				<key>INFOPLIST_FILE</key>
				<string>Login TemplateUITests/Info.plist</string>
				<key>LD_RUNPATH_SEARCH_PATHS</key>
				<string>$(inherited) @executable_path/Frameworks @loader_path/Frameworks</string>
				<key>PRODUCT_BUNDLE_IDENTIFIER</key>
				<string>net.tben.Login-TemplateUITests</string>
				<key>PRODUCT_NAME</key>
				<string>$(TARGET_NAME)</string>
				<key>TEST_TARGET_NAME</key>
				<string>Login Template</string>
			</dict>
			<key>isa</key>
			<string>XCBuildConfiguration</string>
			<key>name</key>
			<string>Debug</string>
		</dict>
		<key>A5E9E6AF1CC7FE8200BE6EAA</key>
		<dict>
			<key>buildSettings</key>
			<dict>
				<key>INFOPLIST_FILE</key>
				<string>Login TemplateUITests/Info.plist</string>
				<key>LD_RUNPATH_SEARCH_PATHS</key>
				<string>$(inherited) @executable_path/Frameworks @loader_path/Frameworks</string>
				<key>PRODUCT_BUNDLE_IDENTIFIER</key>
				<string>net.tben.Login-TemplateUITests</string>
				<key>PRODUCT_NAME</key>
				<string>$(TARGET_NAME)</string>
				<key>TEST_TARGET_NAME</key>
				<string>Login Template</string>
			</dict>
			<key>isa</key>
			<string>XCBuildConfiguration</string>
			<key>name</key>
			<string>Release</string>
		</dict>
		<key>A5E9E6B01CC80DCE00BE6EAA</key>
		<dict>
			<key>children</key>
			<array/>
			<key>isa</key>
			<string>PBXGroup</string>
			<key>name</key>
			<string>Controller</string>
			<key>sourceTree</key>
			<string>&lt;group&gt;</string>
		</dict>
		<key>A5E9E6B11CC80DD600BE6EAA</key>
		<dict>
			<key>children</key>
			<array>
				<string>A5E9E6C41CC958E100BE6EAA</string>
				<string>A5E9E6C91CC95FB600BE6EAA</string>
				<string>A5E9E6D61CD2524700BE6EAA</string>
			</array>
			<key>isa</key>
			<string>PBXGroup</string>
			<key>name</key>
			<string>View</string>
			<key>sourceTree</key>
			<string>&lt;group&gt;</string>
		</dict>
		<key>A5E9E6B21CC80DE100BE6EAA</key>
		<dict>
			<key>children</key>
			<array/>
			<key>isa</key>
			<string>PBXGroup</string>
			<key>name</key>
			<string>Model</string>
			<key>sourceTree</key>
			<string>&lt;group&gt;</string>
		</dict>
		<key>A5E9E6B31CC80DEC00BE6EAA</key>
		<dict>
			<key>children</key>
			<array>
				<string>A5E9E6B41CC80E5000BE6EAA</string>
				<string>A5E9E6B51CC80E5000BE6EAA</string>
				<string>A5E9E6B61CC80E5000BE6EAA</string>
				<string>A5E9E6B71CC80E5000BE6EAA</string>
			</array>
			<key>isa</key>
			<string>PBXGroup</string>
			<key>name</key>
			<string>Resource</string>
			<key>sourceTree</key>
			<string>&lt;group&gt;</string>
		</dict>
		<key>A5E9E6B41CC80E5000BE6EAA</key>
		<dict>
			<key>isa</key>
			<string>PBXFileReference</string>
			<key>lastKnownFileType</key>
			<string>file</string>
			<key>path</key>
			<string>NotoSans-Bold.ttf</string>
			<key>sourceTree</key>
			<string>&lt;group&gt;</string>
		</dict>
		<key>A5E9E6B51CC80E5000BE6EAA</key>
		<dict>
			<key>isa</key>
			<string>PBXFileReference</string>
			<key>lastKnownFileType</key>
			<string>file</string>
			<key>path</key>
			<string>NotoSans-BoldItalic.ttf</string>
			<key>sourceTree</key>
			<string>&lt;group&gt;</string>
		</dict>
		<key>A5E9E6B61CC80E5000BE6EAA</key>
		<dict>
			<key>isa</key>
			<string>PBXFileReference</string>
			<key>lastKnownFileType</key>
			<string>file</string>
			<key>path</key>
			<string>NotoSans-Italic.ttf</string>
			<key>sourceTree</key>
			<string>&lt;group&gt;</string>
		</dict>
		<key>A5E9E6B71CC80E5000BE6EAA</key>
		<dict>
			<key>isa</key>
			<string>PBXFileReference</string>
			<key>lastKnownFileType</key>
			<string>file</string>
			<key>path</key>
			<string>NotoSans-Regular.ttf</string>
			<key>sourceTree</key>
			<string>&lt;group&gt;</string>
		</dict>
		<key>A5E9E6B81CC80E5000BE6EAA</key>
		<dict>
			<key>fileRef</key>
			<string>A5E9E6B41CC80E5000BE6EAA</string>
			<key>isa</key>
			<string>PBXBuildFile</string>
		</dict>
		<key>A5E9E6B91CC80E5000BE6EAA</key>
		<dict>
			<key>fileRef</key>
			<string>A5E9E6B41CC80E5000BE6EAA</string>
			<key>isa</key>
			<string>PBXBuildFile</string>
		</dict>
		<key>A5E9E6BA1CC80E5000BE6EAA</key>
		<dict>
			<key>fileRef</key>
			<string>A5E9E6B41CC80E5000BE6EAA</string>
			<key>isa</key>
			<string>PBXBuildFile</string>
		</dict>
		<key>A5E9E6BB1CC80E5000BE6EAA</key>
		<dict>
			<key>fileRef</key>
			<string>A5E9E6B51CC80E5000BE6EAA</string>
			<key>isa</key>
			<string>PBXBuildFile</string>
		</dict>
		<key>A5E9E6BC1CC80E5000BE6EAA</key>
		<dict>
			<key>fileRef</key>
			<string>A5E9E6B51CC80E5000BE6EAA</string>
			<key>isa</key>
			<string>PBXBuildFile</string>
		</dict>
		<key>A5E9E6BD1CC80E5000BE6EAA</key>
		<dict>
			<key>fileRef</key>
			<string>A5E9E6B51CC80E5000BE6EAA</string>
			<key>isa</key>
			<string>PBXBuildFile</string>
		</dict>
		<key>A5E9E6BE1CC80E5000BE6EAA</key>
		<dict>
			<key>fileRef</key>
			<string>A5E9E6B61CC80E5000BE6EAA</string>
			<key>isa</key>
			<string>PBXBuildFile</string>
		</dict>
		<key>A5E9E6BF1CC80E5000BE6EAA</key>
		<dict>
			<key>fileRef</key>
			<string>A5E9E6B61CC80E5000BE6EAA</string>
			<key>isa</key>
			<string>PBXBuildFile</string>
		</dict>
		<key>A5E9E6C01CC80E5000BE6EAA</key>
		<dict>
			<key>fileRef</key>
			<string>A5E9E6B61CC80E5000BE6EAA</string>
			<key>isa</key>
			<string>PBXBuildFile</string>
		</dict>
		<key>A5E9E6C11CC80E5000BE6EAA</key>
		<dict>
			<key>fileRef</key>
			<string>A5E9E6B71CC80E5000BE6EAA</string>
			<key>isa</key>
			<string>PBXBuildFile</string>
		</dict>
		<key>A5E9E6C21CC80E5000BE6EAA</key>
		<dict>
			<key>fileRef</key>
			<string>A5E9E6B71CC80E5000BE6EAA</string>
			<key>isa</key>
			<string>PBXBuildFile</string>
		</dict>
		<key>A5E9E6C31CC80E5000BE6EAA</key>
		<dict>
			<key>fileRef</key>
			<string>A5E9E6B71CC80E5000BE6EAA</string>
			<key>isa</key>
			<string>PBXBuildFile</string>
		</dict>
		<key>A5E9E6C41CC958E100BE6EAA</key>
		<dict>
			<key>fileEncoding</key>
			<string>4</string>
			<key>isa</key>
			<string>PBXFileReference</string>
			<key>lastKnownFileType</key>
			<string>sourcecode.swift</string>
			<key>path</key>
			<string>MaterialView.swift</string>
			<key>sourceTree</key>
			<string>&lt;group&gt;</string>
		</dict>
		<key>A5E9E6C51CC958E100BE6EAA</key>
		<dict>
			<key>fileRef</key>
			<string>A5E9E6C41CC958E100BE6EAA</string>
			<key>isa</key>
			<string>PBXBuildFile</string>
		</dict>
		<key>A5E9E6C61CC9591800BE6EAA</key>
		<dict>
			<key>children</key>
			<array>
				<string>A5E9E6C71CC9592E00BE6EAA</string>
			</array>
			<key>isa</key>
			<string>PBXGroup</string>
			<key>name</key>
			<string>Utilities</string>
			<key>sourceTree</key>
			<string>&lt;group&gt;</string>
		</dict>
		<key>A5E9E6C71CC9592E00BE6EAA</key>
		<dict>
			<key>fileEncoding</key>
			<string>4</string>
			<key>isa</key>
			<string>PBXFileReference</string>
			<key>lastKnownFileType</key>
			<string>sourcecode.swift</string>
			<key>path</key>
			<string>Constants.swift</string>
			<key>sourceTree</key>
			<string>&lt;group&gt;</string>
		</dict>
		<key>A5E9E6C81CC9592E00BE6EAA</key>
		<dict>
			<key>fileRef</key>
			<string>A5E9E6C71CC9592E00BE6EAA</string>
			<key>isa</key>
			<string>PBXBuildFile</string>
		</dict>
		<key>A5E9E6C91CC95FB600BE6EAA</key>
		<dict>
			<key>fileEncoding</key>
			<string>4</string>
			<key>isa</key>
			<string>PBXFileReference</string>
			<key>lastKnownFileType</key>
			<string>sourcecode.swift</string>
			<key>path</key>
			<string>MaterialButton.swift</string>
			<key>sourceTree</key>
			<string>&lt;group&gt;</string>
		</dict>
		<key>A5E9E6CA1CC95FB600BE6EAA</key>
		<dict>
			<key>fileRef</key>
			<string>A5E9E6C91CC95FB600BE6EAA</string>
			<key>isa</key>
			<string>PBXBuildFile</string>
		</dict>
		<key>A5E9E6D61CD2524700BE6EAA</key>
		<dict>
			<key>fileEncoding</key>
			<string>4</string>
			<key>isa</key>
			<string>PBXFileReference</string>
			<key>lastKnownFileType</key>
			<string>sourcecode.swift</string>
			<key>path</key>
			<string>MaterialTextField.swift</string>
			<key>sourceTree</key>
			<string>&lt;group&gt;</string>
		</dict>
		<key>A5E9E6D71CD2524700BE6EAA</key>
		<dict>
			<key>fileRef</key>
			<string>A5E9E6D61CD2524700BE6EAA</string>
			<key>isa</key>
			<string>PBXBuildFile</string>
		</dict>
		<key>BBCA62B78FFD3FA2E3633B4F</key>
		<dict>
			<key>explicitFileType</key>
			<string>wrapper.framework</string>
			<key>includeInIndex</key>
			<string>0</string>
			<key>isa</key>
			<string>PBXFileReference</string>
			<key>path</key>
			<string>Pods_Login_Template.framework</string>
			<key>sourceTree</key>
			<string>BUILT_PRODUCTS_DIR</string>
		</dict>
		<key>C2B96AE642DE13C37DEA9CDB</key>
		<dict>
			<key>children</key>
			<array>
				<string>A1110361AE944CB75081AA71</string>
				<string>D3C563DD5A85FD3C07052731</string>
			</array>
			<key>isa</key>
			<string>PBXGroup</string>
			<key>name</key>
			<string>Pods</string>
			<key>sourceTree</key>
			<string>&lt;group&gt;</string>
		</dict>
		<key>D3C563DD5A85FD3C07052731</key>
		<dict>
			<key>includeInIndex</key>
			<string>1</string>
			<key>isa</key>
			<string>PBXFileReference</string>
			<key>lastKnownFileType</key>
			<string>text.xcconfig</string>
			<key>name</key>
			<string>Pods-Login Template.release.xcconfig</string>
			<key>path</key>
			<string>Pods/Target Support Files/Pods-Login Template/Pods-Login Template.release.xcconfig</string>
			<key>sourceTree</key>
			<string>&lt;group&gt;</string>
		</dict>
		<key>E747C3E7D7C04A19EEAE4F7F</key>
		<dict>
			<key>buildActionMask</key>
			<string>2147483647</string>
			<key>files</key>
			<array/>
			<key>inputPaths</key>
			<array/>
			<key>isa</key>
			<string>PBXShellScriptBuildPhase</string>
			<key>name</key>
			<string>Copy Pods Resources</string>
			<key>outputPaths</key>
			<array/>
			<key>runOnlyForDeploymentPostprocessing</key>
			<string>0</string>
			<key>shellPath</key>
			<string>/bin/sh</string>
			<key>shellScript</key>
			<string>"${SRCROOT}/Pods/Target Support Files/Pods-Login Template/Pods-Login Template-resources.sh"
</string>
			<key>showEnvVarsInLog</key>
			<string>0</string>
		</dict>
	</dict>
	<key>rootObject</key>
	<string>A5E9E6741CC7FE8200BE6EAA</string>
</dict>
</plist>
